
Microsoft Visual Studio Solution File, Format Version 12.00
# Visual Studio Version 17
VisualStudioVersion = 17.11.35327.3
MinimumVisualStudioVersion = 10.0.40219.1
Project("{FAE04EC0-301F-11D3-BF4B-00C04F79EFBC}") = "CodeCommenter", "CodeCommenter.csproj", "{2280FEED-0AD6-41D1-B7A7-1708406AFDC0}"
EndProject
Global
	GlobalSection(SolutionConfigurationPlatforms) = preSolution
		Debug|Any CPU = Debug|Any CPU
		Debug|arm64 = Debug|arm64
		Debug|x86 = Debug|x86
		Release|Any CPU = Release|Any CPU
		Release|arm64 = Release|arm64
		Release|x86 = Release|x86
	EndGlobalSection
	GlobalSection(ProjectConfigurationPlatforms) = postSolution
		{2280FEED-0AD6-41D1-B7A7-1708406AFDC0}.Debug|Any CPU.ActiveCfg = Debug|Any CPU
		{2280FEED-0AD6-41D1-B7A7-1708406AFDC0}.Debug|Any CPU.Build.0 = Debug|Any CPU
		{2280FEED-0AD6-41D1-B7A7-1708406AFDC0}.Debug|arm64.ActiveCfg = Debug|arm64
		{2280FEED-0AD6-41D1-B7A7-1708406AFDC0}.Debug|arm64.Build.0 = Debug|arm64
		{2280FEED-0AD6-41D1-B7A7-1708406AFDC0}.Debug|x86.ActiveCfg = Debug|x86
		{2280FEED-0AD6-41D1-B7A7-1708406AFDC0}.Debug|x86.Build.0 = Debug|x86
		{2280FEED-0AD6-41D1-B7A7-1708406AFDC0}.Release|Any CPU.ActiveCfg = Release|Any CPU
		{2280FEED-0AD6-41D1-B7A7-1708406AFDC0}.Release|Any CPU.Build.0 = Release|Any CPU
		{2280FEED-0AD6-41D1-B7A7-1708406AFDC0}.Release|arm64.ActiveCfg = Release|arm64
		{2280FEED-0AD6-41D1-B7A7-1708406AFDC0}.Release|arm64.Build.0 = Release|arm64
		{2280FEED-0AD6-41D1-B7A7-1708406AFDC0}.Release|x86.ActiveCfg = Release|x86
		{2280FEED-0AD6-41D1-B7A7-1708406AFDC0}.Release|x86.Build.0 = Release|x86
	EndGlobalSection
	GlobalSection(SolutionProperties) = preSolution
		HideSolutionNode = FALSE
	EndGlobalSection
	GlobalSection(ExtensibilityGlobals) = postSolution
		SolutionGuid = {59181359-A47D-48C7-AED1-6059840BEA6B}
	EndGlobalSection
EndGlobal
